package: pkg:deb/debian/swaylock
versions:
  - purl: pkg:deb/debian/swaylock@1.6-1?distro=sid
    affected_by_vulnerabilities: []
    fixing_vulnerabilities:
      - VCID-qbek-tk8r-aaab
  - purl: pkg:deb/debian/swaylock@1.6-1?distro=sid
    affected_by_vulnerabilities: []
    fixing_vulnerabilities:
      - VCID-qbek-tk8r-aaab
  - purl: pkg:deb/debian/swaylock@1.6-2?distro=sid
    affected_by_vulnerabilities: []
    fixing_vulnerabilities:
      - VCID-qbek-tk8r-aaab
  - purl: pkg:deb/debian/swaylock@1.6-2?distro=sid
    affected_by_vulnerabilities: []
    fixing_vulnerabilities:
      - VCID-qbek-tk8r-aaab
  - purl: pkg:deb/debian/swaylock@1.7-1?distro=sid
    affected_by_vulnerabilities: []
    fixing_vulnerabilities:
      - VCID-qbek-tk8r-aaab
  - purl: pkg:deb/debian/swaylock@1.7.1-1?distro=sid
    affected_by_vulnerabilities: []
    fixing_vulnerabilities:
      - VCID-qbek-tk8r-aaab
  - purl: pkg:deb/debian/swaylock@1.7.2-1?distro=sid
    affected_by_vulnerabilities: []
    fixing_vulnerabilities:
      - VCID-qbek-tk8r-aaab
