package: pkg:deb/debian/xtrlock
versions:
  - purl: pkg:deb/debian/xtrlock@2.0-10
    affected_by_vulnerabilities: []
    fixing_vulnerabilities:
      - VCID-5fe6-mtme-aaae
  - purl: pkg:deb/debian/xtrlock@2.0-4
    affected_by_vulnerabilities:
      - VCID-5fe6-mtme-aaae
    fixing_vulnerabilities: []
  - purl: pkg:deb/debian/xtrlock@2.0-5
    affected_by_vulnerabilities:
      - VCID-5fe6-mtme-aaae
    fixing_vulnerabilities: []
  - purl: pkg:deb/debian/xtrlock@2.0-6
    affected_by_vulnerabilities:
      - VCID-5fe6-mtme-aaae
    fixing_vulnerabilities: []
  - purl: pkg:deb/debian/xtrlock@2.0-6woody2
    affected_by_vulnerabilities:
      - VCID-5fe6-mtme-aaae
    fixing_vulnerabilities: []
  - purl: pkg:deb/debian/xtrlock@2.0-9?distro=sid
    affected_by_vulnerabilities: []
    fixing_vulnerabilities:
      - VCID-5fe6-mtme-aaae
  - purl: pkg:deb/debian/xtrlock@2.0-9?distro=stretch
    affected_by_vulnerabilities: []
    fixing_vulnerabilities:
      - VCID-5fe6-mtme-aaae
  - purl: pkg:deb/debian/xtrlock@2.0-9?distro=sid
    affected_by_vulnerabilities: []
    fixing_vulnerabilities:
      - VCID-5fe6-mtme-aaae
  - purl: pkg:deb/debian/xtrlock@2.0-9?distro=stretch
    affected_by_vulnerabilities: []
    fixing_vulnerabilities:
      - VCID-5fe6-mtme-aaae
  - purl: pkg:deb/debian/xtrlock@2.12?distro=sid
    affected_by_vulnerabilities: []
    fixing_vulnerabilities:
      - VCID-yadq-xy1d-aaaq
  - purl: pkg:deb/debian/xtrlock@2.12?distro=stretch
    affected_by_vulnerabilities: []
    fixing_vulnerabilities:
      - VCID-yadq-xy1d-aaaq
  - purl: pkg:deb/debian/xtrlock@2.12?distro=sid
    affected_by_vulnerabilities: []
    fixing_vulnerabilities:
      - VCID-yadq-xy1d-aaaq
  - purl: pkg:deb/debian/xtrlock@2.12?distro=stretch
    affected_by_vulnerabilities: []
    fixing_vulnerabilities:
      - VCID-yadq-xy1d-aaaq
  - purl: pkg:deb/debian/xtrlock@2.15?distro=sid
    affected_by_vulnerabilities: []
    fixing_vulnerabilities:
      - VCID-5fe6-mtme-aaae
      - VCID-yadq-xy1d-aaaq
  - purl: pkg:deb/debian/xtrlock@2.15?distro=stretch
    affected_by_vulnerabilities: []
    fixing_vulnerabilities:
      - VCID-5fe6-mtme-aaae
      - VCID-yadq-xy1d-aaaq
  - purl: pkg:deb/debian/xtrlock@2.15?distro=sid
    affected_by_vulnerabilities: []
    fixing_vulnerabilities:
      - VCID-5fe6-mtme-aaae
      - VCID-yadq-xy1d-aaaq
  - purl: pkg:deb/debian/xtrlock@2.15?distro=stretch
    affected_by_vulnerabilities: []
    fixing_vulnerabilities:
      - VCID-5fe6-mtme-aaae
      - VCID-yadq-xy1d-aaaq
  - purl: pkg:deb/debian/xtrlock@2.8%2Bdeb10u1?distro=sid
    affected_by_vulnerabilities: []
    fixing_vulnerabilities:
      - VCID-5fe6-mtme-aaae
      - VCID-yadq-xy1d-aaaq
  - purl: pkg:deb/debian/xtrlock@2.8%2Bdeb10u1?distro=stretch
    affected_by_vulnerabilities: []
    fixing_vulnerabilities:
      - VCID-5fe6-mtme-aaae
      - VCID-yadq-xy1d-aaaq
  - purl: pkg:deb/debian/xtrlock@2.8%2Bdeb10u1?distro=sid
    affected_by_vulnerabilities: []
    fixing_vulnerabilities:
      - VCID-5fe6-mtme-aaae
      - VCID-yadq-xy1d-aaaq
  - purl: pkg:deb/debian/xtrlock@2.8%2Bdeb10u1?distro=stretch
    affected_by_vulnerabilities: []
    fixing_vulnerabilities:
      - VCID-5fe6-mtme-aaae
      - VCID-yadq-xy1d-aaaq
  - purl: pkg:deb/debian/xtrlock@2.8%2Bdeb9u1?distro=stretch
    affected_by_vulnerabilities: []
    fixing_vulnerabilities:
      - VCID-5fe6-mtme-aaae
      - VCID-yadq-xy1d-aaaq
  - purl: pkg:deb/debian/xtrlock@2.8%2Bdeb9u1?distro=stretch
    affected_by_vulnerabilities: []
    fixing_vulnerabilities:
      - VCID-5fe6-mtme-aaae
      - VCID-yadq-xy1d-aaaq
