package: pkg:deb/debian/sanlock
versions:
  - purl: pkg:deb/debian/sanlock@2.2-2?distro=sid
    affected_by_vulnerabilities: []
    fixing_vulnerabilities:
      - VCID-u6bq-yb9q-aaan
  - purl: pkg:deb/debian/sanlock@2.2-2?distro=stretch
    affected_by_vulnerabilities: []
    fixing_vulnerabilities:
      - VCID-u6bq-yb9q-aaan
  - purl: pkg:deb/debian/sanlock@2.2-2?distro=sid
    affected_by_vulnerabilities: []
    fixing_vulnerabilities:
      - VCID-u6bq-yb9q-aaan
  - purl: pkg:deb/debian/sanlock@2.2-2?distro=stretch
    affected_by_vulnerabilities: []
    fixing_vulnerabilities:
      - VCID-u6bq-yb9q-aaan
  - purl: pkg:deb/debian/sanlock@3.3.0-2.1?distro=stretch
    affected_by_vulnerabilities: []
    fixing_vulnerabilities:
      - VCID-u6bq-yb9q-aaan
  - purl: pkg:deb/debian/sanlock@3.3.0-2.1?distro=stretch
    affected_by_vulnerabilities: []
    fixing_vulnerabilities:
      - VCID-u6bq-yb9q-aaan
  - purl: pkg:deb/debian/sanlock@3.6.0-3?distro=sid
    affected_by_vulnerabilities: []
    fixing_vulnerabilities:
      - VCID-u6bq-yb9q-aaan
  - purl: pkg:deb/debian/sanlock@3.6.0-3?distro=stretch
    affected_by_vulnerabilities: []
    fixing_vulnerabilities:
      - VCID-u6bq-yb9q-aaan
  - purl: pkg:deb/debian/sanlock@3.6.0-3?distro=sid
    affected_by_vulnerabilities: []
    fixing_vulnerabilities:
      - VCID-u6bq-yb9q-aaan
  - purl: pkg:deb/debian/sanlock@3.6.0-3?distro=stretch
    affected_by_vulnerabilities: []
    fixing_vulnerabilities:
      - VCID-u6bq-yb9q-aaan
  - purl: pkg:deb/debian/sanlock@3.8.2-2?distro=sid
    affected_by_vulnerabilities: []
    fixing_vulnerabilities:
      - VCID-u6bq-yb9q-aaan
  - purl: pkg:deb/debian/sanlock@3.8.2-2?distro=stretch
    affected_by_vulnerabilities: []
    fixing_vulnerabilities:
      - VCID-u6bq-yb9q-aaan
  - purl: pkg:deb/debian/sanlock@3.8.2-2?distro=sid
    affected_by_vulnerabilities: []
    fixing_vulnerabilities:
      - VCID-u6bq-yb9q-aaan
  - purl: pkg:deb/debian/sanlock@3.8.2-2?distro=stretch
    affected_by_vulnerabilities: []
    fixing_vulnerabilities:
      - VCID-u6bq-yb9q-aaan
  - purl: pkg:deb/debian/sanlock@3.8.4-1?distro=sid
    affected_by_vulnerabilities: []
    fixing_vulnerabilities:
      - VCID-u6bq-yb9q-aaan
  - purl: pkg:deb/debian/sanlock@3.8.4-1?distro=stretch
    affected_by_vulnerabilities: []
    fixing_vulnerabilities:
      - VCID-u6bq-yb9q-aaan
  - purl: pkg:deb/debian/sanlock@3.8.4-1?distro=sid
    affected_by_vulnerabilities: []
    fixing_vulnerabilities:
      - VCID-u6bq-yb9q-aaan
  - purl: pkg:deb/debian/sanlock@3.8.4-1?distro=stretch
    affected_by_vulnerabilities: []
    fixing_vulnerabilities:
      - VCID-u6bq-yb9q-aaan
  - purl: pkg:deb/debian/sanlock@3.8.5-1?distro=sid
    affected_by_vulnerabilities: []
    fixing_vulnerabilities:
      - VCID-u6bq-yb9q-aaan
  - purl: pkg:deb/debian/sanlock@3.8.5-1?distro=sid
    affected_by_vulnerabilities: []
    fixing_vulnerabilities:
      - VCID-u6bq-yb9q-aaan
